
Microsoft Visual Studio Solution File, Format Version 12.00
# Visual Studio Version 17
VisualStudioVersion = 17.13.35828.75
MinimumVisualStudioVersion = 10.0.40219.1
Project("{FAE04EC0-301F-11D3-BF4B-00C04F79EFBC}") = "ExportFunctions.Application", "ExportFunctions.Application\ExportFunctions.Application.csproj", "{2079C2F2-75B0-4723-9B2C-A7E77A09BD04}"
EndProject
Project("{FAE04EC0-301F-11D3-BF4B-00C04F79EFBC}") = "ExportFunctionsLib", "ExportFunctionsLib\ExportFunctionsLib.csproj", "{0ACCBBB5-8640-441D-B7D7-9E42541600E9}"
EndProject
Project("{2150E333-8FDC-42A3-9474-1A3956D46DE8}") = "Testing", "Testing", "{36D591C7-65C7-A0D1-1CBC-10CDE441BDC8}"
EndProject
Project("{FAE04EC0-301F-11D3-BF4B-00C04F79EFBC}") = "Expo", "Expo\Expo.csproj", "{1C969513-4BF5-4AB2-890F-7901E9CB69E5}"
EndProject
Global
	GlobalSection(SolutionConfigurationPlatforms) = preSolution
		Debug|Any CPU = Debug|Any CPU
		Release|Any CPU = Release|Any CPU
	EndGlobalSection
	GlobalSection(ProjectConfigurationPlatforms) = postSolution
		{2079C2F2-75B0-4723-9B2C-A7E77A09BD04}.Debug|Any CPU.ActiveCfg = Debug|Any CPU
		{2079C2F2-75B0-4723-9B2C-A7E77A09BD04}.Debug|Any CPU.Build.0 = Debug|Any CPU
		{2079C2F2-75B0-4723-9B2C-A7E77A09BD04}.Release|Any CPU.ActiveCfg = Release|Any CPU
		{2079C2F2-75B0-4723-9B2C-A7E77A09BD04}.Release|Any CPU.Build.0 = Release|Any CPU
		{0ACCBBB5-8640-441D-B7D7-9E42541600E9}.Debug|Any CPU.ActiveCfg = Debug|Any CPU
		{0ACCBBB5-8640-441D-B7D7-9E42541600E9}.Debug|Any CPU.Build.0 = Debug|Any CPU
		{0ACCBBB5-8640-441D-B7D7-9E42541600E9}.Release|Any CPU.ActiveCfg = Release|Any CPU
		{0ACCBBB5-8640-441D-B7D7-9E42541600E9}.Release|Any CPU.Build.0 = Release|Any CPU
		{1C969513-4BF5-4AB2-890F-7901E9CB69E5}.Debug|Any CPU.ActiveCfg = Debug|Any CPU
		{1C969513-4BF5-4AB2-890F-7901E9CB69E5}.Debug|Any CPU.Build.0 = Debug|Any CPU
		{1C969513-4BF5-4AB2-890F-7901E9CB69E5}.Release|Any CPU.ActiveCfg = Release|Any CPU
		{1C969513-4BF5-4AB2-890F-7901E9CB69E5}.Release|Any CPU.Build.0 = Release|Any CPU
	EndGlobalSection
	GlobalSection(SolutionProperties) = preSolution
		HideSolutionNode = FALSE
	EndGlobalSection
	GlobalSection(NestedProjects) = preSolution
		{2079C2F2-75B0-4723-9B2C-A7E77A09BD04} = {36D591C7-65C7-A0D1-1CBC-10CDE441BDC8}
		{1C969513-4BF5-4AB2-890F-7901E9CB69E5} = {36D591C7-65C7-A0D1-1CBC-10CDE441BDC8}
	EndGlobalSection
	GlobalSection(ExtensibilityGlobals) = postSolution
		SolutionGuid = {E7A17CCB-A1A6-4970-BDF1-BBD4E79880A5}
	EndGlobalSection
EndGlobal
